{
  "nodes": {
    "flake-utils": {
      "inputs": {
        "systems": "systems"
      },
      "locked": {
        "lastModified": 1731533236,
        "narHash": "sha256-l0KFg5HjrsfsO/JpG+r7fRrqm12kzFHyUHqHCVpMMbI=",
        "owner": "numtide",
        "repo": "flake-utils",
        "rev": "11707dc2f618dd54ca8739b309ec4fc024de578b",
        "type": "github"
      },
      "original": {
        "owner": "numtide",
        "repo": "flake-utils",
        "type": "github"
      }
    },
    "home-manager": {
      "inputs": {
        "nixpkgs": [
          "nixpkgs"
        ]
      },
      "locked": {
        "lastModified": 1753592768,
        "narHash": "sha256-oV695RvbAE4+R9pcsT9shmp6zE/+IZe6evHWX63f2Qg=",
        "owner": "nix-community",
        "repo": "home-manager",
        "rev": "fc3add429f21450359369af74c2375cb34a2d204",
        "type": "github"
      },
      "original": {
        "owner": "nix-community",
        "ref": "release-25.05",
        "repo": "home-manager",
        "type": "github"
      }
    },
    "home-manager_2": {
      "inputs": {
        "nixpkgs": [
          "nix-podman-stacks",
          "nixpkgs"
        ]
      },
      "locked": {
        "lastModified": 1753592768,
        "narHash": "sha256-oV695RvbAE4+R9pcsT9shmp6zE/+IZe6evHWX63f2Qg=",
        "owner": "nix-community",
        "repo": "home-manager",
        "rev": "fc3add429f21450359369af74c2375cb34a2d204",
        "type": "github"
      },
      "original": {
        "owner": "nix-community",
        "ref": "release-25.05",
        "repo": "home-manager",
        "type": "github"
      }
    },
    "ixx": {
      "inputs": {
        "flake-utils": [
          "nix-podman-stacks",
          "search",
          "flake-utils"
        ],
        "nixpkgs": [
          "nix-podman-stacks",
          "search",
          "nixpkgs"
        ]
      },
      "locked": {
        "lastModified": 1753377020,
        "narHash": "sha256-b96ihus6atP6gBOyY+QzztKzf2lP4h3xf8QbRFUX6uE=",
        "owner": "NuschtOS",
        "repo": "ixx",
        "rev": "ca1e2bd6149ca0ff30ff919a84098b512c826b77",
        "type": "github"
      },
      "original": {
        "owner": "NuschtOS",
        "ref": "v0.1.0",
        "repo": "ixx",
        "type": "github"
      }
    },
    "nix-podman-stacks": {
      "inputs": {
        "home-manager": "home-manager_2",
        "nixpkgs": [
          "nixpkgs"
        ],
        "search": "search",
        "sops-nix": "sops-nix"
      },
      "locked": {
        "lastModified": 1755494150,
        "narHash": "sha256-kmOiHn0XBB1aF5c+2xUCut7IzMf69RYqvH4e0wP6Uo8=",
        "owner": "Tarow",
        "repo": "nix-podman-stacks",
        "rev": "a5a4939896567e289346c3a023f437f25e28cc60",
        "type": "github"
      },
      "original": {
        "owner": "Tarow",
        "repo": "nix-podman-stacks",
        "type": "github"
      }
    },
    "nixpkgs": {
      "locked": {
        "lastModified": 1755274400,
        "narHash": "sha256-rTInmnp/xYrfcMZyFMH3kc8oko5zYfxsowaLv1LVobY=",
        "owner": "nixos",
        "repo": "nixpkgs",
        "rev": "ad7196ae55c295f53a7d1ec39e4a06d922f3b899",
        "type": "github"
      },
      "original": {
        "owner": "nixos",
        "ref": "nixos-25.05",
        "repo": "nixpkgs",
        "type": "github"
      }
    },
    "root": {
      "inputs": {
        "home-manager": "home-manager",
        "nix-podman-stacks": "nix-podman-stacks",
        "nixpkgs": "nixpkgs",
        "sops-nix": "sops-nix_2"
      }
    },
    "search": {
      "inputs": {
        "flake-utils": "flake-utils",
        "ixx": "ixx",
        "nixpkgs": [
          "nix-podman-stacks",
          "nixpkgs"
        ]
      },
      "locked": {
        "lastModified": 1754786976,
        "narHash": "sha256-HQsXIRpmbTMD0cD9E8+ScRNwzifSVu6KZ3CwK9sY5k4=",
        "owner": "NuschtOS",
        "repo": "search",
        "rev": "5bc0c67cc6f4a71fe50782aa8e90032fef2f4cc9",
        "type": "github"
      },
      "original": {
        "owner": "NuschtOS",
        "repo": "search",
        "type": "github"
      }
    },
    "sops-nix": {
      "inputs": {
        "nixpkgs": [
          "nix-podman-stacks",
          "nixpkgs"
        ]
      },
      "locked": {
        "lastModified": 1754328224,
        "narHash": "sha256-glPK8DF329/dXtosV7YSzRlF4n35WDjaVwdOMEoEXHA=",
        "owner": "Mic92",
        "repo": "sops-nix",
        "rev": "49021900e69812ba7ddb9e40f9170218a7eca9f4",
        "type": "github"
      },
      "original": {
        "owner": "Mic92",
        "repo": "sops-nix",
        "type": "github"
      }
    },
    "sops-nix_2": {
      "inputs": {
        "nixpkgs": [
          "nixpkgs"
        ]
      },
      "locked": {
        "lastModified": 1754988908,
        "narHash": "sha256-t+voe2961vCgrzPFtZxha0/kmFSHFobzF00sT8p9h0U=",
        "owner": "Mic92",
        "repo": "sops-nix",
        "rev": "3223c7a92724b5d804e9988c6b447a0d09017d48",
        "type": "github"
      },
      "original": {
        "owner": "Mic92",
        "repo": "sops-nix",
        "type": "github"
      }
    },
    "systems": {
      "locked": {
        "lastModified": 1681028828,
        "narHash": "sha256-Vy1rq5AaRuLzOxct8nz4T6wlgyUR7zLU309k9mBC768=",
        "owner": "nix-systems",
        "repo": "default",
        "rev": "da67096a3b9bf56a91d16901293e51ba5b49a27e",
        "type": "github"
      },
      "original": {
        "owner": "nix-systems",
        "repo": "default",
        "type": "github"
      }
    }
  },
  "root": "root",
  "version": 7
}
